        # Generated by pub. See: http://pub.dartlang.org/doc/glossary.html#lockfile
         {"packages":{"asset_pack":{"version":"0.6.0","source":"git","description":{"url":"https://github.com/johnmccutchan/asset_pack.git","ref":null,"resolved-ref":"569daa9e9025757968d825f34082b10f0ba6c9a6"}},"browser":{"version":"0.4.3+1","source":"hosted","description":"browser"},"unittest":{"version":"0.4.3+1","source":"hosted","description":"unittest"},"meta":{"version":"0.4.3+1","source":"hosted","description":"meta"}}}
        